PODS:
  - Alamofire (3.2.1)
  - Kingfisher (2.0.4)
  - OAuthSwift (0.5.1)
  - ReachabilitySwift (2.3.3)
  - SnapKit (0.19.1)
  - SwiftyJSON (2.3.2)
  - UITableView+FDTemplateLayoutCell (1.4)
  - XCGLogger (3.2)

DEPENDENCIES:
  - Alamofire
  - Kingfisher
  - OAuthSwift
  - ReachabilitySwift (from `https://github.com/ashleymills/Reachability.swift`)
  - SnapKit
  - SwiftyJSON
  - UITableView+FDTemplateLayoutCell
  - XCGLogger (~> 3.2)

EXTERNAL SOURCES:
  ReachabilitySwift:
    :git: https://github.com/ashleymills/Reachability.swift

CHECKOUT OPTIONS:
  ReachabilitySwift:
    :commit: cf126c0584a209143c75bf1d0f23fd904891e26e
    :git: https://github.com/ashleymills/Reachability.swift

SPEC CHECKSUMS:
  Alamofire: f11d8624a05f5d39e0c99309b3e600a3ba64298a
  Kingfisher: 8f1ec2c067ade2c549a1a594379b69c4b1ff81ab
  OAuthSwift: d63f7f329f49787319a7e35974c18b10865fe636
  ReachabilitySwift: e0f6b6f280effb47731acfaaa2d5ffe223703793
  SnapKit: eff58d6e3451bf2f482db2eccf86aecf371dc62d
  SwiftyJSON: 04ccea08915aa0109039157c7974cf0298da292a
  UITableView+FDTemplateLayoutCell: 234e1582bcc4e18461af91155123bb96538ed030
  XCGLogger: da1f341f4bb8979db6e1df64232f04d9698402d4

COCOAPODS: 0.39.0
